
Microsoft Visual Studio Solution File, Format Version 12.00
# Visual Studio Version 17
VisualStudioVersion = 17.5.33516.290
MinimumVisualStudioVersion = 10.0.40219.1
Project("{9A19103F-16F7-4668-BE54-9A1E7A4F7556}") = "LinkedList", "LinkedList\LinkedList.csproj", "{ADD301A4-547E-42B8-813E-4535557B3B0F}"
EndProject
Project("{FAE04EC0-301F-11D3-BF4B-00C04F79EFBC}") = "MaxArrays", "MaxArrays\MaxArrays.csproj", "{B69D3345-C9A1-4262-B954-F0AA10F9C49E}"
EndProject
Global
	GlobalSection(SolutionConfigurationPlatforms) = preSolution
		Debug|Any CPU = Debug|Any CPU
		Release|Any CPU = Release|Any CPU
	EndGlobalSection
	GlobalSection(ProjectConfigurationPlatforms) = postSolution
		{ADD301A4-547E-42B8-813E-4535557B3B0F}.Debug|Any CPU.ActiveCfg = Debug|Any CPU
		{ADD301A4-547E-42B8-813E-4535557B3B0F}.Debug|Any CPU.Build.0 = Debug|Any CPU
		{ADD301A4-547E-42B8-813E-4535557B3B0F}.Release|Any CPU.ActiveCfg = Release|Any CPU
		{ADD301A4-547E-42B8-813E-4535557B3B0F}.Release|Any CPU.Build.0 = Release|Any CPU
		{B69D3345-C9A1-4262-B954-F0AA10F9C49E}.Debug|Any CPU.ActiveCfg = Debug|Any CPU
		{B69D3345-C9A1-4262-B954-F0AA10F9C49E}.Debug|Any CPU.Build.0 = Debug|Any CPU
		{B69D3345-C9A1-4262-B954-F0AA10F9C49E}.Release|Any CPU.ActiveCfg = Release|Any CPU
		{B69D3345-C9A1-4262-B954-F0AA10F9C49E}.Release|Any CPU.Build.0 = Release|Any CPU
	EndGlobalSection
	GlobalSection(SolutionProperties) = preSolution
		HideSolutionNode = FALSE
	EndGlobalSection
	GlobalSection(ExtensibilityGlobals) = postSolution
		SolutionGuid = {F53B5B95-A49A-4F9F-97D7-01574170A851}
	EndGlobalSection
EndGlobal
